
Microsoft Visual Studio Solution File, Format Version 12.00
# Visual Studio Version 16
VisualStudioVersion = 16.0.31613.86
MinimumVisualStudioVersion = 10.0.40219.1
Project("{FAE04EC0-301F-11D3-BF4B-00C04F79EFBC}") = "ProjetoModulo1", "ProjetoModulo1\ProjetoModulo1.csproj", "{A3880612-CD07-477B-9730-4AA136EA108D}"
EndProject
Global
	GlobalSection(SolutionConfigurationPlatforms) = preSolution
		Debug|Any CPU = Debug|Any CPU
		Release|Any CPU = Release|Any CPU
	EndGlobalSection
	GlobalSection(ProjectConfigurationPlatforms) = postSolution
		{A3880612-CD07-477B-9730-4AA136EA108D}.Debug|Any CPU.ActiveCfg = Debug|Any CPU
		{A3880612-CD07-477B-9730-4AA136EA108D}.Debug|Any CPU.Build.0 = Debug|Any CPU
		{A3880612-CD07-477B-9730-4AA136EA108D}.Release|Any CPU.ActiveCfg = Release|Any CPU
		{A3880612-CD07-477B-9730-4AA136EA108D}.Release|Any CPU.Build.0 = Release|Any CPU
	EndGlobalSection
	GlobalSection(SolutionProperties) = preSolution
		HideSolutionNode = FALSE
	EndGlobalSection
	GlobalSection(ExtensibilityGlobals) = postSolution
		SolutionGuid = {44B8F1C2-546D-449D-937E-03A038A80262}
	EndGlobalSection
EndGlobal
