
Microsoft Visual Studio Solution File, Format Version 12.00
# Visual Studio Version 16
VisualStudioVersion = 16.0.31613.86
MinimumVisualStudioVersion = 10.0.40219.1
Project("{FAE04EC0-301F-11D3-BF4B-00C04F79EFBC}") = "AulaExercicio2", "AulaExercicio2\AulaExercicio2.csproj", "{BD13D06B-B302-49F5-9997-84F7605F1440}"
EndProject
Global
	GlobalSection(SolutionConfigurationPlatforms) = preSolution
		Debug|Any CPU = Debug|Any CPU
		Release|Any CPU = Release|Any CPU
	EndGlobalSection
	GlobalSection(ProjectConfigurationPlatforms) = postSolution
		{BD13D06B-B302-49F5-9997-84F7605F1440}.Debug|Any CPU.ActiveCfg = Debug|Any CPU
		{BD13D06B-B302-49F5-9997-84F7605F1440}.Debug|Any CPU.Build.0 = Debug|Any CPU
		{BD13D06B-B302-49F5-9997-84F7605F1440}.Release|Any CPU.ActiveCfg = Release|Any CPU
		{BD13D06B-B302-49F5-9997-84F7605F1440}.Release|Any CPU.Build.0 = Release|Any CPU
	EndGlobalSection
	GlobalSection(SolutionProperties) = preSolution
		HideSolutionNode = FALSE
	EndGlobalSection
	GlobalSection(ExtensibilityGlobals) = postSolution
		SolutionGuid = {15819773-8703-4370-9759-5FF8508641ED}
	EndGlobalSection
EndGlobal
